
Microsoft Visual Studio Solution File, Format Version 12.00
# Visual Studio 15
VisualStudioVersion = 15.0.28010.2003
MinimumVisualStudioVersion = 10.0.40219.1
Project("{9A19103F-16F7-4668-BE54-9A1E7A4F7556}") = "Pizzeon_server", "Pizzeon_server\Pizzeon_server.csproj", "{4BE81CAD-6532-4C75-AB02-8851770C6347}"
EndProject
Project("{9A19103F-16F7-4668-BE54-9A1E7A4F7556}") = "PizzeonAzureFunctions", "PizzeonAzureFunctions\PizzeonAzureFunctions.csproj", "{358CC7A7-62AD-4FB0-AA72-C7A31870B2F7}"
EndProject
Global
	GlobalSection(SolutionConfigurationPlatforms) = preSolution
		Debug|Any CPU = Debug|Any CPU
		Release|Any CPU = Release|Any CPU
	EndGlobalSection
	GlobalSection(ProjectConfigurationPlatforms) = postSolution
		{4BE81CAD-6532-4C75-AB02-8851770C6347}.Debug|Any CPU.ActiveCfg = Debug|Any CPU
		{4BE81CAD-6532-4C75-AB02-8851770C6347}.Debug|Any CPU.Build.0 = Debug|Any CPU
		{4BE81CAD-6532-4C75-AB02-8851770C6347}.Release|Any CPU.ActiveCfg = Release|Any CPU
		{4BE81CAD-6532-4C75-AB02-8851770C6347}.Release|Any CPU.Build.0 = Release|Any CPU
		{358CC7A7-62AD-4FB0-AA72-C7A31870B2F7}.Debug|Any CPU.ActiveCfg = Debug|Any CPU
		{358CC7A7-62AD-4FB0-AA72-C7A31870B2F7}.Debug|Any CPU.Build.0 = Debug|Any CPU
		{358CC7A7-62AD-4FB0-AA72-C7A31870B2F7}.Release|Any CPU.ActiveCfg = Release|Any CPU
		{358CC7A7-62AD-4FB0-AA72-C7A31870B2F7}.Release|Any CPU.Build.0 = Release|Any CPU
	EndGlobalSection
	GlobalSection(SolutionProperties) = preSolution
		HideSolutionNode = FALSE
	EndGlobalSection
	GlobalSection(ExtensibilityGlobals) = postSolution
		SolutionGuid = {4DAC8C9B-E29C-4C70-9BB9-568DD94F6E6C}
	EndGlobalSection
EndGlobal
